
Microsoft Visual Studio Solution File, Format Version 12.00
# Visual Studio 14
VisualStudioVersion = 14.0.25420.1
MinimumVisualStudioVersion = 10.0.40219.1
Project("{FAE04EC0-301F-11D3-BF4B-00C04F79EFBC}") = "QL.Core", "QL.Core\QL.Core.csproj", "{210CA766-0E42-485E-A2FF-57F5F909081E}"
EndProject
Project("{FAE04EC0-301F-11D3-BF4B-00C04F79EFBC}") = "QL.Presentation", "QL.Presentation\QL.Presentation.csproj", "{5B114B5C-AA94-43D0-BA00-F1FEF8875AFF}"
EndProject
Project("{FAE04EC0-301F-11D3-BF4B-00C04F79EFBC}") = "QL.Core.Test", "QL.Core.Test\QL.Core.Test.csproj", "{425D07F5-31C4-4A95-92EE-C0D7AB7BA5DA}"
EndProject
Project("{FAE04EC0-301F-11D3-BF4B-00C04F79EFBC}") = "QLS.Core", "QLS.Core\QLS.Core.csproj", "{D23AFE3A-3F92-42CA-A8A8-1142925B6C00}"
EndProject
Project("{FAE04EC0-301F-11D3-BF4B-00C04F79EFBC}") = "QLS.Core.Test", "QLS.Core.Test\QLS.Core.Test.csproj", "{2521F5E8-74F3-4BC3-B5BF-380480BE3C8B}"
EndProject
Project("{FAE04EC0-301F-11D3-BF4B-00C04F79EFBC}") = "QLS.Api", "QLS.Api\QLS.Api.csproj", "{8A83E46F-CF59-4810-AB92-3E1191DE17B1}"
EndProject
Project("{FAE04EC0-301F-11D3-BF4B-00C04F79EFBC}") = "QL.Api", "QL.Api\QL.Api.csproj", "{E314ABD5-8189-4707-B201-A82933957F51}"
EndProject
Global
	GlobalSection(SolutionConfigurationPlatforms) = preSolution
		Debug|Any CPU = Debug|Any CPU
		Release|Any CPU = Release|Any CPU
	EndGlobalSection
	GlobalSection(ProjectConfigurationPlatforms) = postSolution
		{210CA766-0E42-485E-A2FF-57F5F909081E}.Debug|Any CPU.ActiveCfg = Debug|Any CPU
		{210CA766-0E42-485E-A2FF-57F5F909081E}.Debug|Any CPU.Build.0 = Debug|Any CPU
		{210CA766-0E42-485E-A2FF-57F5F909081E}.Release|Any CPU.ActiveCfg = Release|Any CPU
		{210CA766-0E42-485E-A2FF-57F5F909081E}.Release|Any CPU.Build.0 = Release|Any CPU
		{5B114B5C-AA94-43D0-BA00-F1FEF8875AFF}.Debug|Any CPU.ActiveCfg = Debug|Any CPU
		{5B114B5C-AA94-43D0-BA00-F1FEF8875AFF}.Debug|Any CPU.Build.0 = Debug|Any CPU
		{5B114B5C-AA94-43D0-BA00-F1FEF8875AFF}.Release|Any CPU.ActiveCfg = Release|Any CPU
		{5B114B5C-AA94-43D0-BA00-F1FEF8875AFF}.Release|Any CPU.Build.0 = Release|Any CPU
		{425D07F5-31C4-4A95-92EE-C0D7AB7BA5DA}.Debug|Any CPU.ActiveCfg = Debug|Any CPU
		{425D07F5-31C4-4A95-92EE-C0D7AB7BA5DA}.Debug|Any CPU.Build.0 = Debug|Any CPU
		{425D07F5-31C4-4A95-92EE-C0D7AB7BA5DA}.Release|Any CPU.ActiveCfg = Release|Any CPU
		{425D07F5-31C4-4A95-92EE-C0D7AB7BA5DA}.Release|Any CPU.Build.0 = Release|Any CPU
		{D23AFE3A-3F92-42CA-A8A8-1142925B6C00}.Debug|Any CPU.ActiveCfg = Debug|Any CPU
		{D23AFE3A-3F92-42CA-A8A8-1142925B6C00}.Debug|Any CPU.Build.0 = Debug|Any CPU
		{D23AFE3A-3F92-42CA-A8A8-1142925B6C00}.Release|Any CPU.ActiveCfg = Release|Any CPU
		{D23AFE3A-3F92-42CA-A8A8-1142925B6C00}.Release|Any CPU.Build.0 = Release|Any CPU
		{2521F5E8-74F3-4BC3-B5BF-380480BE3C8B}.Debug|Any CPU.ActiveCfg = Debug|Any CPU
		{2521F5E8-74F3-4BC3-B5BF-380480BE3C8B}.Debug|Any CPU.Build.0 = Debug|Any CPU
		{2521F5E8-74F3-4BC3-B5BF-380480BE3C8B}.Release|Any CPU.ActiveCfg = Release|Any CPU
		{2521F5E8-74F3-4BC3-B5BF-380480BE3C8B}.Release|Any CPU.Build.0 = Release|Any CPU
		{8A83E46F-CF59-4810-AB92-3E1191DE17B1}.Debug|Any CPU.ActiveCfg = Debug|Any CPU
		{8A83E46F-CF59-4810-AB92-3E1191DE17B1}.Debug|Any CPU.Build.0 = Debug|Any CPU
		{8A83E46F-CF59-4810-AB92-3E1191DE17B1}.Release|Any CPU.ActiveCfg = Release|Any CPU
		{8A83E46F-CF59-4810-AB92-3E1191DE17B1}.Release|Any CPU.Build.0 = Release|Any CPU
		{E314ABD5-8189-4707-B201-A82933957F51}.Debug|Any CPU.ActiveCfg = Debug|Any CPU
		{E314ABD5-8189-4707-B201-A82933957F51}.Debug|Any CPU.Build.0 = Debug|Any CPU
		{E314ABD5-8189-4707-B201-A82933957F51}.Release|Any CPU.ActiveCfg = Release|Any CPU
		{E314ABD5-8189-4707-B201-A82933957F51}.Release|Any CPU.Build.0 = Release|Any CPU
	EndGlobalSection
	GlobalSection(SolutionProperties) = preSolution
		HideSolutionNode = FALSE
	EndGlobalSection
	GlobalSection(ExtensibilityGlobals) = postSolution
		SolutionGuid = {19EDBF2F-B4BB-4765-9F74-D26FC63FB497}
	EndGlobalSection
EndGlobal
