
Microsoft Visual Studio Solution File, Format Version 12.00
# Visual Studio 15
VisualStudioVersion = 15.0.27130.2027
MinimumVisualStudioVersion = 10.0.40219.1
Project("{FAE04EC0-301F-11D3-BF4B-00C04F79EFBC}") = "QL_Visualizer", "QL_Vizualizer\QL_Visualizer.csproj", "{2282F3C9-F91F-49BF-84EB-5584558A5B78}"
EndProject
Project("{FAE04EC0-301F-11D3-BF4B-00C04F79EFBC}") = "QL_Parser", "QL_Parser\QL_Parser.csproj", "{AED597D7-3472-4D95-9D15-7BA9B8BBE89E}"
EndProject
Global
	GlobalSection(SolutionConfigurationPlatforms) = preSolution
		Debug|Any CPU = Debug|Any CPU
		Release|Any CPU = Release|Any CPU
	EndGlobalSection
	GlobalSection(ProjectConfigurationPlatforms) = postSolution
		{2282F3C9-F91F-49BF-84EB-5584558A5B78}.Debug|Any CPU.ActiveCfg = Debug|Any CPU
		{2282F3C9-F91F-49BF-84EB-5584558A5B78}.Debug|Any CPU.Build.0 = Debug|Any CPU
		{2282F3C9-F91F-49BF-84EB-5584558A5B78}.Release|Any CPU.ActiveCfg = Release|Any CPU
		{2282F3C9-F91F-49BF-84EB-5584558A5B78}.Release|Any CPU.Build.0 = Release|Any CPU
		{AED597D7-3472-4D95-9D15-7BA9B8BBE89E}.Debug|Any CPU.ActiveCfg = Debug|Any CPU
		{AED597D7-3472-4D95-9D15-7BA9B8BBE89E}.Debug|Any CPU.Build.0 = Debug|Any CPU
		{AED597D7-3472-4D95-9D15-7BA9B8BBE89E}.Release|Any CPU.ActiveCfg = Release|Any CPU
		{AED597D7-3472-4D95-9D15-7BA9B8BBE89E}.Release|Any CPU.Build.0 = Release|Any CPU
	EndGlobalSection
	GlobalSection(SolutionProperties) = preSolution
		HideSolutionNode = FALSE
	EndGlobalSection
	GlobalSection(ExtensibilityGlobals) = postSolution
		SolutionGuid = {77E1B5B6-36A4-458F-A66F-7A902776D97A}
	EndGlobalSection
EndGlobal
