
Microsoft Visual Studio Solution File, Format Version 12.00
# Visual Studio 14
VisualStudioVersion = 14.0.25420.1
MinimumVisualStudioVersion = 10.0.40219.1
Project("{2150E333-8FDC-42A3-9474-1A3956D46DE8}") = "Domain", "Domain", "{23177BB0-C876-4E36-94B7-E10C51991C05}"
EndProject
Project("{2150E333-8FDC-42A3-9474-1A3956D46DE8}") = "Orchestration", "Orchestration", "{79104F4E-1C86-40B2-8C44-24B49DB3FF46}"
EndProject
Project("{2150E333-8FDC-42A3-9474-1A3956D46DE8}") = "UI", "UI", "{2ECBD0E5-E761-48E9-B9FB-BEB4E45B5039}"
EndProject
Project("{2150E333-8FDC-42A3-9474-1A3956D46DE8}") = "Infrastructure", "Infrastructure", "{4E19842F-20C9-40F1-AB9F-E028F6C4D911}"
EndProject
Project("{2150E333-8FDC-42A3-9474-1A3956D46DE8}") = "Tests", "Tests", "{BAE19BC2-3F33-4B48-A465-E8105478038A}"
EndProject
Project("{FAE04EC0-301F-11D3-BF4B-00C04F79EFBC}") = "QuestionnaireInfrastructure", "QuestionnaireInfrastructure\QuestionnaireInfrastructure.csproj", "{C07EEB9B-1C03-4057-B2FB-410169EC1DBE}"
EndProject
Project("{FAE04EC0-301F-11D3-BF4B-00C04F79EFBC}") = "QuestionaireOrchestration", "QuestionaireOrchestration\QuestionaireOrchestration.csproj", "{93708D27-D769-4064-8A54-6BFEF8B09F29}"
EndProject
Project("{FAE04EC0-301F-11D3-BF4B-00C04F79EFBC}") = "QuestionnaireUI", "QuestionnaireUI\QuestionnaireUI.csproj", "{AAB9C576-34E5-4CBA-88D1-4E8674E3C117}"
EndProject
Project("{FAE04EC0-301F-11D3-BF4B-00C04F79EFBC}") = "UnitTests", "UnitTests\UnitTests.csproj", "{A23A79A2-5764-4797-A9EE-AABDEF94B391}"
EndProject
Project("{FAE04EC0-301F-11D3-BF4B-00C04F79EFBC}") = "AntlrInterpretor", "AntlrInterpretor\AntlrInterpretor.csproj", "{7676F4F1-42FC-4A13-8A20-8826B139C98B}"
EndProject
Project("{FAE04EC0-301F-11D3-BF4B-00C04F79EFBC}") = "QuestionaireDomain.Entities", "QuestionaireDomain.Entities\QuestionaireDomain.Entities.csproj", "{D9C8C06A-CB84-41FA-B393-3B8E66C1183C}"
EndProject
Project("{FAE04EC0-301F-11D3-BF4B-00C04F79EFBC}") = "QuestionnaireDomain.Logic", "QuestionnaireDomain.Logic\QuestionnaireDomain.Logic.csproj", "{A90F662F-AFD9-45AA-8B13-DBFBAF4A6CFC}"
EndProject
Project("{FAE04EC0-301F-11D3-BF4B-00C04F79EFBC}") = "AntlGrammar", "AntlGrammar\AntlGrammar.csproj", "{FF0183F4-7487-4645-99F9-0713F3CAC488}"
EndProject
Project("{FAE04EC0-301F-11D3-BF4B-00C04F79EFBC}") = "IntegrationTests", "IntegrationTests\IntegrationTests.csproj", "{2537D2E5-3CB9-4A4E-80A5-121BF92473C6}"
EndProject
Project("{FAE04EC0-301F-11D3-BF4B-00C04F79EFBC}") = "QuestionaireConsoleApp", "QuestionaireConsoleApp\QuestionaireConsoleApp.csproj", "{D0A33CD6-41E6-4A46-9977-1F2955013D42}"
EndProject
Project("{FAE04EC0-301F-11D3-BF4B-00C04F79EFBC}") = "QuestionnaireWPFApp", "QuestionnaireWPFApp\QuestionnaireWPFApp.csproj", "{CC7EC5D5-64EC-4833-83E3-413B4A7FDE31}"
EndProject
Project("{2150E333-8FDC-42A3-9474-1A3956D46DE8}") = "Parser", "Parser", "{361B545F-6EC4-4206-B82D-A974B2B2F96F}"
EndProject
Global
	GlobalSection(SolutionConfigurationPlatforms) = preSolution
		Debug|Any CPU = Debug|Any CPU
		Release|Any CPU = Release|Any CPU
	EndGlobalSection
	GlobalSection(ProjectConfigurationPlatforms) = postSolution
		{C07EEB9B-1C03-4057-B2FB-410169EC1DBE}.Debug|Any CPU.ActiveCfg = Debug|Any CPU
		{C07EEB9B-1C03-4057-B2FB-410169EC1DBE}.Debug|Any CPU.Build.0 = Debug|Any CPU
		{C07EEB9B-1C03-4057-B2FB-410169EC1DBE}.Release|Any CPU.ActiveCfg = Release|Any CPU
		{C07EEB9B-1C03-4057-B2FB-410169EC1DBE}.Release|Any CPU.Build.0 = Release|Any CPU
		{93708D27-D769-4064-8A54-6BFEF8B09F29}.Debug|Any CPU.ActiveCfg = Debug|Any CPU
		{93708D27-D769-4064-8A54-6BFEF8B09F29}.Debug|Any CPU.Build.0 = Debug|Any CPU
		{93708D27-D769-4064-8A54-6BFEF8B09F29}.Release|Any CPU.ActiveCfg = Release|Any CPU
		{93708D27-D769-4064-8A54-6BFEF8B09F29}.Release|Any CPU.Build.0 = Release|Any CPU
		{AAB9C576-34E5-4CBA-88D1-4E8674E3C117}.Debug|Any CPU.ActiveCfg = Debug|Any CPU
		{AAB9C576-34E5-4CBA-88D1-4E8674E3C117}.Debug|Any CPU.Build.0 = Debug|Any CPU
		{AAB9C576-34E5-4CBA-88D1-4E8674E3C117}.Release|Any CPU.ActiveCfg = Release|Any CPU
		{AAB9C576-34E5-4CBA-88D1-4E8674E3C117}.Release|Any CPU.Build.0 = Release|Any CPU
		{A23A79A2-5764-4797-A9EE-AABDEF94B391}.Debug|Any CPU.ActiveCfg = Debug|Any CPU
		{A23A79A2-5764-4797-A9EE-AABDEF94B391}.Debug|Any CPU.Build.0 = Debug|Any CPU
		{A23A79A2-5764-4797-A9EE-AABDEF94B391}.Release|Any CPU.ActiveCfg = Release|Any CPU
		{A23A79A2-5764-4797-A9EE-AABDEF94B391}.Release|Any CPU.Build.0 = Release|Any CPU
		{7676F4F1-42FC-4A13-8A20-8826B139C98B}.Debug|Any CPU.ActiveCfg = Debug|Any CPU
		{7676F4F1-42FC-4A13-8A20-8826B139C98B}.Debug|Any CPU.Build.0 = Debug|Any CPU
		{7676F4F1-42FC-4A13-8A20-8826B139C98B}.Release|Any CPU.ActiveCfg = Release|Any CPU
		{7676F4F1-42FC-4A13-8A20-8826B139C98B}.Release|Any CPU.Build.0 = Release|Any CPU
		{D9C8C06A-CB84-41FA-B393-3B8E66C1183C}.Debug|Any CPU.ActiveCfg = Debug|Any CPU
		{D9C8C06A-CB84-41FA-B393-3B8E66C1183C}.Debug|Any CPU.Build.0 = Debug|Any CPU
		{D9C8C06A-CB84-41FA-B393-3B8E66C1183C}.Release|Any CPU.ActiveCfg = Release|Any CPU
		{D9C8C06A-CB84-41FA-B393-3B8E66C1183C}.Release|Any CPU.Build.0 = Release|Any CPU
		{A90F662F-AFD9-45AA-8B13-DBFBAF4A6CFC}.Debug|Any CPU.ActiveCfg = Debug|Any CPU
		{A90F662F-AFD9-45AA-8B13-DBFBAF4A6CFC}.Debug|Any CPU.Build.0 = Debug|Any CPU
		{A90F662F-AFD9-45AA-8B13-DBFBAF4A6CFC}.Release|Any CPU.ActiveCfg = Release|Any CPU
		{A90F662F-AFD9-45AA-8B13-DBFBAF4A6CFC}.Release|Any CPU.Build.0 = Release|Any CPU
		{FF0183F4-7487-4645-99F9-0713F3CAC488}.Debug|Any CPU.ActiveCfg = Debug|Any CPU
		{FF0183F4-7487-4645-99F9-0713F3CAC488}.Debug|Any CPU.Build.0 = Debug|Any CPU
		{FF0183F4-7487-4645-99F9-0713F3CAC488}.Release|Any CPU.ActiveCfg = Release|Any CPU
		{FF0183F4-7487-4645-99F9-0713F3CAC488}.Release|Any CPU.Build.0 = Release|Any CPU
		{2537D2E5-3CB9-4A4E-80A5-121BF92473C6}.Debug|Any CPU.ActiveCfg = Debug|Any CPU
		{2537D2E5-3CB9-4A4E-80A5-121BF92473C6}.Debug|Any CPU.Build.0 = Debug|Any CPU
		{2537D2E5-3CB9-4A4E-80A5-121BF92473C6}.Release|Any CPU.ActiveCfg = Release|Any CPU
		{2537D2E5-3CB9-4A4E-80A5-121BF92473C6}.Release|Any CPU.Build.0 = Release|Any CPU
		{D0A33CD6-41E6-4A46-9977-1F2955013D42}.Debug|Any CPU.ActiveCfg = Debug|Any CPU
		{D0A33CD6-41E6-4A46-9977-1F2955013D42}.Debug|Any CPU.Build.0 = Debug|Any CPU
		{D0A33CD6-41E6-4A46-9977-1F2955013D42}.Release|Any CPU.ActiveCfg = Release|Any CPU
		{D0A33CD6-41E6-4A46-9977-1F2955013D42}.Release|Any CPU.Build.0 = Release|Any CPU
		{CC7EC5D5-64EC-4833-83E3-413B4A7FDE31}.Debug|Any CPU.ActiveCfg = Debug|Any CPU
		{CC7EC5D5-64EC-4833-83E3-413B4A7FDE31}.Debug|Any CPU.Build.0 = Debug|Any CPU
		{CC7EC5D5-64EC-4833-83E3-413B4A7FDE31}.Release|Any CPU.ActiveCfg = Release|Any CPU
		{CC7EC5D5-64EC-4833-83E3-413B4A7FDE31}.Release|Any CPU.Build.0 = Release|Any CPU
	EndGlobalSection
	GlobalSection(SolutionProperties) = preSolution
		HideSolutionNode = FALSE
	EndGlobalSection
	GlobalSection(NestedProjects) = preSolution
		{C07EEB9B-1C03-4057-B2FB-410169EC1DBE} = {23177BB0-C876-4E36-94B7-E10C51991C05}
		{93708D27-D769-4064-8A54-6BFEF8B09F29} = {79104F4E-1C86-40B2-8C44-24B49DB3FF46}
		{AAB9C576-34E5-4CBA-88D1-4E8674E3C117} = {2ECBD0E5-E761-48E9-B9FB-BEB4E45B5039}
		{A23A79A2-5764-4797-A9EE-AABDEF94B391} = {BAE19BC2-3F33-4B48-A465-E8105478038A}
		{7676F4F1-42FC-4A13-8A20-8826B139C98B} = {361B545F-6EC4-4206-B82D-A974B2B2F96F}
		{D9C8C06A-CB84-41FA-B393-3B8E66C1183C} = {23177BB0-C876-4E36-94B7-E10C51991C05}
		{A90F662F-AFD9-45AA-8B13-DBFBAF4A6CFC} = {23177BB0-C876-4E36-94B7-E10C51991C05}
		{FF0183F4-7487-4645-99F9-0713F3CAC488} = {361B545F-6EC4-4206-B82D-A974B2B2F96F}
		{2537D2E5-3CB9-4A4E-80A5-121BF92473C6} = {BAE19BC2-3F33-4B48-A465-E8105478038A}
	EndGlobalSection
EndGlobal
